<?xml version="1.0" encoding="UTF-8" standalone="yes" ?>
<CodeBlocks_project_file>
	<FileVersion major="1" minor="6" />
	<Project>
		<Option title="Teormech" />
		<Option pch_mode="2" />
		<Option compiler="gcc" />
		<Build>
			<Target title="Debug">
				<Option output="bin/Debug/Teormech" prefix_auto="1" extension_auto="1" />
				<Option object_output="obj/Debug/" />
				<Option type="1" />
				<Option compiler="gcc" />
				<Compiler>
					<Add option="-lGL -lGLUT -lGLU -DDEBUG -DKIR_TEST --std=c++11" />
				</Compiler>
			</Target>
			<Target title="Release">
				<Option output="bin/Release/Teormech" prefix_auto="1" extension_auto="1" />
				<Option object_output="obj/Release/" />
				<Option type="1" />
				<Option compiler="gcc" />
				<Compiler>
					<Add option="-fexpensive-optimizations" />
					<Add option="-O3" />
					<Add option="-lGL -lGLUT -lGLU -std=c++11 -DDEBUG -DKIR_TEST" />
				</Compiler>
				<Linker>
					<Add option="-s" />
				</Linker>
			</Target>
		</Build>
		<Compiler>
			<Add option="-fexpensive-optimizations" />
			<Add option="-O3" />
			<Add option="-Wfatal-errors" />
			<Add option="-Wextra" />
			<Add option="-Wall" />
			<Add option="-lGL -lGLUT -lGLU -DDEBUG -DKIR_TEST --std=c++11" />
		</Compiler>
		<Linker>
			<Add option="-s" />
			<Add option="-lGL -lGLU -lglut -Wall -Werror -DDEBUG -DLINUX_TARGET" />
		</Linker>
		<Unit filename="DrawFunc.cpp" />
		<Unit filename="DrawFunc.h" />
		<Unit filename="GlutHFunc.cpp" />
		<Unit filename="GlutHFunc.h" />
		<Unit filename="fpsMeasurer.cpp" />
		<Unit filename="glutRender.cpp" />
		<Unit filename="glutRender.h" />
		<Unit filename="quat.cpp" />
		<Unit filename="quat.h" />
		<Unit filename="table.cpp" />
		<Unit filename="table.h" />
		<Unit filename="test.cpp" />
		<Unit filename="vec.cpp" />
		<Unit filename="vec.h" />
		<Extensions>
			<envvars />
			<code_completion />
			<lib_finder disable_auto="1" />
			<debugger />
		</Extensions>
	</Project>
</CodeBlocks_project_file>
